
Microsoft Visual Studio Solution File, Format Version 12.00
# Visual Studio Version 16
VisualStudioVersion = 16.0.32929.386
MinimumVisualStudioVersion = 10.0.40219.1
Project("{FAE04EC0-301F-11D3-BF4B-00C04F79EFBC}") = "WindowsFormsAppUrupaBohdan", "WindowsFormsApp1\WindowsFormsAppUrupaBohdan.csproj", "{BAE38925-F74F-4213-9C89-9431005320D7}"
EndProject
Global
	GlobalSection(SolutionConfigurationPlatforms) = preSolution
		Debug|Any CPU = Debug|Any CPU
		Release|Any CPU = Release|Any CPU
	EndGlobalSection
	GlobalSection(ProjectConfigurationPlatforms) = postSolution
		{BAE38925-F74F-4213-9C89-9431005320D7}.Debug|Any CPU.ActiveCfg = Debug|Any CPU
		{BAE38925-F74F-4213-9C89-9431005320D7}.Debug|Any CPU.Build.0 = Debug|Any CPU
		{BAE38925-F74F-4213-9C89-9431005320D7}.Release|Any CPU.ActiveCfg = Release|Any CPU
		{BAE38925-F74F-4213-9C89-9431005320D7}.Release|Any CPU.Build.0 = Release|Any CPU
	EndGlobalSection
	GlobalSection(SolutionProperties) = preSolution
		HideSolutionNode = FALSE
	EndGlobalSection
	GlobalSection(ExtensibilityGlobals) = postSolution
		SolutionGuid = {04E01D67-0E09-4A24-8845-4E354FC00E14}
	EndGlobalSection
EndGlobal
